
Microsoft Visual Studio Solution File, Format Version 12.00
# Visual Studio Version 16
VisualStudioVersion = 16.0.31025.194
MinimumVisualStudioVersion = 10.0.40219.1
Project("{8BC9CEB8-8B4A-11D0-8D11-00A0C91BC942}") = "01", "01\01.vcxproj", "{D4F644E7-AABE-41AD-9520-2C0C775C9692}"
EndProject
Project("{8BC9CEB8-8B4A-11D0-8D11-00A0C91BC942}") = "02", "02\02.vcxproj", "{BAC53833-3574-41F6-BD3E-6AD3EB68E9AC}"
EndProject
Project("{8BC9CEB8-8B4A-11D0-8D11-00A0C91BC942}") = "04", "04\04.vcxproj", "{2A294A77-91DF-4F2F-B5D0-290F2176AC2A}"
EndProject
Project("{8BC9CEB8-8B4A-11D0-8D11-00A0C91BC942}") = "03", "03\03.vcxproj", "{77571EC6-7F49-4FDC-9DF7-E0D82D7623F4}"
EndProject
Global
	GlobalSection(SolutionConfigurationPlatforms) = preSolution
		Debug|x64 = Debug|x64
		Debug|x86 = Debug|x86
		Release|x64 = Release|x64
		Release|x86 = Release|x86
	EndGlobalSection
	GlobalSection(ProjectConfigurationPlatforms) = postSolution
		{D4F644E7-AABE-41AD-9520-2C0C775C9692}.Debug|x64.ActiveCfg = Debug|x64
		{D4F644E7-AABE-41AD-9520-2C0C775C9692}.Debug|x64.Build.0 = Debug|x64
		{D4F644E7-AABE-41AD-9520-2C0C775C9692}.Debug|x86.ActiveCfg = Debug|Win32
		{D4F644E7-AABE-41AD-9520-2C0C775C9692}.Debug|x86.Build.0 = Debug|Win32
		{D4F644E7-AABE-41AD-9520-2C0C775C9692}.Release|x64.ActiveCfg = Release|x64
		{D4F644E7-AABE-41AD-9520-2C0C775C9692}.Release|x64.Build.0 = Release|x64
		{D4F644E7-AABE-41AD-9520-2C0C775C9692}.Release|x86.ActiveCfg = Release|Win32
		{D4F644E7-AABE-41AD-9520-2C0C775C9692}.Release|x86.Build.0 = Release|Win32
		{BAC53833-3574-41F6-BD3E-6AD3EB68E9AC}.Debug|x64.ActiveCfg = Debug|x64
		{BAC53833-3574-41F6-BD3E-6AD3EB68E9AC}.Debug|x64.Build.0 = Debug|x64
		{BAC53833-3574-41F6-BD3E-6AD3EB68E9AC}.Debug|x86.ActiveCfg = Debug|Win32
		{BAC53833-3574-41F6-BD3E-6AD3EB68E9AC}.Debug|x86.Build.0 = Debug|Win32
		{BAC53833-3574-41F6-BD3E-6AD3EB68E9AC}.Release|x64.ActiveCfg = Release|x64
		{BAC53833-3574-41F6-BD3E-6AD3EB68E9AC}.Release|x64.Build.0 = Release|x64
		{BAC53833-3574-41F6-BD3E-6AD3EB68E9AC}.Release|x86.ActiveCfg = Release|Win32
		{BAC53833-3574-41F6-BD3E-6AD3EB68E9AC}.Release|x86.Build.0 = Release|Win32
		{2A294A77-91DF-4F2F-B5D0-290F2176AC2A}.Debug|x64.ActiveCfg = Debug|x64
		{2A294A77-91DF-4F2F-B5D0-290F2176AC2A}.Debug|x64.Build.0 = Debug|x64
		{2A294A77-91DF-4F2F-B5D0-290F2176AC2A}.Debug|x86.ActiveCfg = Debug|Win32
		{2A294A77-91DF-4F2F-B5D0-290F2176AC2A}.Debug|x86.Build.0 = Debug|Win32
		{2A294A77-91DF-4F2F-B5D0-290F2176AC2A}.Release|x64.ActiveCfg = Release|x64
		{2A294A77-91DF-4F2F-B5D0-290F2176AC2A}.Release|x64.Build.0 = Release|x64
		{2A294A77-91DF-4F2F-B5D0-290F2176AC2A}.Release|x86.ActiveCfg = Release|Win32
		{2A294A77-91DF-4F2F-B5D0-290F2176AC2A}.Release|x86.Build.0 = Release|Win32
		{77571EC6-7F49-4FDC-9DF7-E0D82D7623F4}.Debug|x64.ActiveCfg = Debug|x64
		{77571EC6-7F49-4FDC-9DF7-E0D82D7623F4}.Debug|x64.Build.0 = Debug|x64
		{77571EC6-7F49-4FDC-9DF7-E0D82D7623F4}.Debug|x86.ActiveCfg = Debug|Win32
		{77571EC6-7F49-4FDC-9DF7-E0D82D7623F4}.Debug|x86.Build.0 = Debug|Win32
		{77571EC6-7F49-4FDC-9DF7-E0D82D7623F4}.Release|x64.ActiveCfg = Release|x64
		{77571EC6-7F49-4FDC-9DF7-E0D82D7623F4}.Release|x64.Build.0 = Release|x64
		{77571EC6-7F49-4FDC-9DF7-E0D82D7623F4}.Release|x86.ActiveCfg = Release|Win32
		{77571EC6-7F49-4FDC-9DF7-E0D82D7623F4}.Release|x86.Build.0 = Release|Win32
	EndGlobalSection
	GlobalSection(SolutionProperties) = preSolution
		HideSolutionNode = FALSE
	EndGlobalSection
	GlobalSection(ExtensibilityGlobals) = postSolution
		SolutionGuid = {BF903594-8F9D-432D-8363-73F63ED65E6E}
	EndGlobalSection
EndGlobal
